
Microsoft Visual Studio Solution File, Format Version 12.00
# Visual Studio 15
VisualStudioVersion = 15.0.27703.2018
MinimumVisualStudioVersion = 10.0.40219.1
Project("{FAE04EC0-301F-11D3-BF4B-00C04F79EFBC}") = "MsmqServer", "MsmqServer\MsmqServer.csproj", "{1B5F537E-DA57-40A9-ADF8-D544FE9B2AFC}"
EndProject
Project("{FAE04EC0-301F-11D3-BF4B-00C04F79EFBC}") = "Globals", "Globals\Globals.csproj", "{8539C17D-88D6-4A99-BEBD-379FE23B4AA6}"
EndProject
Global
	GlobalSection(SolutionConfigurationPlatforms) = preSolution
		Debug|Any CPU = Debug|Any CPU
		Release|Any CPU = Release|Any CPU
	EndGlobalSection
	GlobalSection(ProjectConfigurationPlatforms) = postSolution
		{1B5F537E-DA57-40A9-ADF8-D544FE9B2AFC}.Debug|Any CPU.ActiveCfg = Debug|Any CPU
		{1B5F537E-DA57-40A9-ADF8-D544FE9B2AFC}.Debug|Any CPU.Build.0 = Debug|Any CPU
		{1B5F537E-DA57-40A9-ADF8-D544FE9B2AFC}.Release|Any CPU.ActiveCfg = Release|Any CPU
		{1B5F537E-DA57-40A9-ADF8-D544FE9B2AFC}.Release|Any CPU.Build.0 = Release|Any CPU
		{8539C17D-88D6-4A99-BEBD-379FE23B4AA6}.Debug|Any CPU.ActiveCfg = Debug|Any CPU
		{8539C17D-88D6-4A99-BEBD-379FE23B4AA6}.Debug|Any CPU.Build.0 = Debug|Any CPU
		{8539C17D-88D6-4A99-BEBD-379FE23B4AA6}.Release|Any CPU.ActiveCfg = Release|Any CPU
		{8539C17D-88D6-4A99-BEBD-379FE23B4AA6}.Release|Any CPU.Build.0 = Release|Any CPU
	EndGlobalSection
	GlobalSection(SolutionProperties) = preSolution
		HideSolutionNode = FALSE
	EndGlobalSection
	GlobalSection(ExtensibilityGlobals) = postSolution
		SolutionGuid = {44C8D647-6B11-4DE9-B211-BE887063CDF9}
	EndGlobalSection
EndGlobal
